// !$*UTF8*$!
{
	archiveVersion = 1;
	classes = {
	};
	objectVersion = 46;
	objects = {

/* Begin PBXBuildFile section */
		C45EA4931CCCC6D200E6598C /* AppDelegate.swift in Sources */ = {isa = PBXBuildFile; fileRef = C45EA4921CCCC6D200E6598C /* AppDelegate.swift */; };
		C45EA4951CCCC6D200E6598C /* ViewController.swift in Sources */ = {isa = PBXBuildFile; fileRef = C45EA4941CCCC6D200E6598C /* ViewController.swift */; };
		C45EA4981CCCC6D200E6598C /* Main.storyboard in Resources */ = {isa = PBXBuildFile; fileRef = C45EA4961CCCC6D200E6598C /* Main.storyboard */; };
		C45EA49A1CCCC6D200E6598C /* Assets.xcassets in Resources */ = {isa = PBXBuildFile; fileRef = C45EA4991CCCC6D200E6598C /* Assets.xcassets */; };
		C45EA49D1CCCC6D200E6598C /* LaunchScreen.storyboard in Resources */ = {isa = PBXBuildFile; fileRef = C45EA49B1CCCC6D200E6598C /* LaunchScreen.storyboard */; };
/* End PBXBuildFile section */

/* Begin PBXFileReference section */
		C45EA48F1CCCC6D200E6598C /* HamburguesasDelMundo.app */ = {isa = PBXFileReference; explicitFileType = wrapper.application; includeInIndex = 0; path = HamburguesasDelMundo.app; sourceTree = BUILT_PRODUCTS_DIR; };
		C45EA4921CCCC6D200E6598C /* AppDelegate.swift */ = {isa = PBXFileReference; lastKnownFileType = sourcecode.swift; path = AppDelegate.swift; sourceTree = "<group>"; };
		C45EA4941CCCC6D200E6598C /* ViewController.swift */ = {isa = PBXFileReference; lastKnownFileType = sourcecode.swift; path = ViewController.swift; sourceTree = "<group>"; };
		C45EA4971CCCC6D200E6598C /* Base */ = {isa = PBXFileReference; lastKnownFileType = file.storyboard; name = Base; path = Base.lproj/Main.storyboard; sourceTree = "<group>"; };
		C45EA4991CCCC6D200E6598C /* Assets.xcassets */ = {isa = PBXFileReference; lastKnownFileType = folder.assetcatalog; path = Assets.xcassets; sourceTree = "<group>"; };
		C45EA49C1CCCC6D200E6598C /* Base */ = {isa = PBXFileReference; lastKnownFileType = file.storyboard; name = Base; path = Base.lproj/LaunchScreen.storyboard; sourceTree = "<group>"; };
		C45EA49E1CCCC6D200E6598C /* Info.plist */ = {isa = PBXFileReference; lastKnownFileType = text.plist.xml; path = Info.plist; sourceTree = "<group>"; };
/* End PBXFileReference section */

/* Begin PBXFrameworksBuildPhase section */
		C45EA48C1CCCC6D200E6598C /* Frameworks */ = {
			isa = PBXFrameworksBuildPhase;
			buildActionMask = 2147483647;
			files = (
			);
			runOnlyForDeploymentPostprocessing = 0;
		};
/* End PBXFrameworksBuildPhase section */

/* Begin PBXGroup section */
		C45EA4861CCCC6D200E6598C = {
			isa = PBXGroup;
			children = (
				C45EA4911CCCC6D200E6598C /* HamburguesasDelMundo */,
				C45EA4901CCCC6D200E6598C /* Products */,
			);
			sourceTree = "<group>";
		};
		C45EA4901CCCC6D200E6598C /* Products */ = {
			isa = PBXGroup;
			children = (
				C45EA48F1CCCC6D200E6598C /* HamburguesasDelMundo.app */,
			);
			name = Products;
			sourceTree = "<group>";
		};
		C45EA4911CCCC6D200E6598C /* HamburguesasDelMundo */ = {
			isa = PBXGroup;
			children = (
				C45EA4921CCCC6D200E6598C /* AppDelegate.swift */,
				C45EA4941CCCC6D200E6598C /* ViewController.swift */,
				C45EA4961CCCC6D200E6598C /* Main.storyboard */,
				C45EA4991CCCC6D200E6598C /* Assets.xcassets */,
				C45EA49B1CCCC6D200E6598C /* LaunchScreen.storyboard */,
				C45EA49E1CCCC6D200E6598C /* Info.plist */,
			);
			path = HamburguesasDelMundo;
			sourceTree = "<group>";
		};
/* End PBXGroup section */

/* Begin PBXNativeTarget section */
		C45EA48E1CCCC6D200E6598C /* HamburguesasDelMundo */ = {
			isa = PBXNativeTarget;
			buildConfigurationList = C45EA4A11CCCC6D200E6598C /* Build configuration list for PBXNativeTarget "HamburguesasDelMundo" */;
			buildPhases = (
				C45EA48B1CCCC6D200E6598C /* Sources */,
				C45EA48C1CCCC6D200E6598C /* Frameworks */,
				C45EA48D1CCCC6D200E6598C /* Resources */,
			);
			buildRules = (
			);
			dependencies = (
			);
			name = HamburguesasDelMundo;
			productName = HamburguesasDelMundo;
			productReference = C45EA48F1CCCC6D200E6598C /* HamburguesasDelMundo.app */;
			productType = "com.apple.product-type.application";
		};
/* End PBXNativeTarget section */

/* Begin PBXProject section */
		C45EA4871CCCC6D200E6598C /* Project object */ = {
			isa = PBXProject;
			attributes = {
				LastSwiftUpdateCheck = 0730;
				LastUpgradeCheck = 0730;
				ORGANIZATIONNAME = SebasFiol;
				TargetAttributes = {
					C45EA48E1CCCC6D200E6598C = {
						CreatedOnToolsVersion = 7.3;
						DevelopmentTeam = NH77L6EUQH;
					};
				};
			};
			buildConfigurationList = C45EA48A1CCCC6D200E6598C /* Build configuration list for PBXProject "HamburguesasDelMundo" */;
			compatibilityVersion = "Xcode 3.2";
			developmentRegion = English;
			hasScannedForEncodings = 0;
			knownRegions = (
				en,
				Base,
			);
			mainGroup = C45EA4861CCCC6D200E6598C;
			productRefGroup = C45EA4901CCCC6D200E6598C /* Products */;
			projectDirPath = "";
			projectRoot = "";
			targets = (
				C45EA48E1CCCC6D200E6598C /* HamburguesasDelMundo */,
			);
		};
/* End PBXProject section */

/* Begin PBXResourcesBuildPhase section */
		C45EA48D1CCCC6D200E6598C /* Resources */ = {
			isa = PBXResourcesBuildPhase;
			buildActionMask = 2147483647;
			files = (
				C45EA49D1CCCC6D200E6598C /* LaunchScreen.storyboard in Resources */,
				C45EA49A1CCCC6D200E6598C /* Assets.xcassets in Resources */,
				C45EA4981CCCC6D200E6598C /* Main.storyboard in Resources */,
			);
			runOnlyForDeploymentPostprocessing = 0;
		};
/* End PBXResourcesBuildPhase section */

/* Begin PBXSourcesBuildPhase section */
		C45EA48B1CCCC6D200E6598C /* Sources */ = {
			isa = PBXSourcesBuildPhase;
			buildActionMask = 2147483647;
			files = (
				C45EA4951CCCC6D200E6598C /* ViewController.swift in Sources */,
				C45EA4931CCCC6D200E6598C /* AppDelegate.swift in Sources */,
			);
			runOnlyForDeploymentPostprocessing = 0;
		};
/* End PBXSourcesBuildPhase section */

/* Begin PBXVariantGroup section */
		C45EA4961CCCC6D200E6598C /* Main.storyboard */ = {
			isa = PBXVariantGroup;
			children = (
				C45EA4971CCCC6D200E6598C /* Base */,
			);
			name = Main.storyboard;
			sourceTree = "<group>";
		};
		C45EA49B1CCCC6D200E6598C /* LaunchScreen.storyboard */ = {
			isa = PBXVariantGroup;
			children = (
				C45EA49C1CCCC6D200E6598C /* Base */,
			);
			name = LaunchScreen.storyboard;
			sourceTree = "<group>";
		};
/* End PBXVariantGroup section */

/* Begin XCBuildConfiguration section */
		C45EA49F1CCCC6D200E6598C /* Debug */ = {
			isa = XCBuildConfiguration;
			buildSettings = {
				ALWAYS_SEARCH_USER_PATHS = NO;
				CLANG_ANALYZER_NONNULL = YES;
				CLANG_CXX_LANGUAGE_STANDARD = "gnu++0x";
				CLANG_CXX_LIBRARY = "libc++";
				CLANG_ENABLE_MODULES = YES;
				CLANG_ENABLE_OBJC_ARC = YES;
				CLANG_WARN_BOOL_CONVERSION = YES;
				CLANG_WARN_CONSTANT_CONVERSION = YES;
				CLANG_WARN_DIRECT_OBJC_ISA_USAGE = YES_ERROR;
				CLANG_WARN_EMPTY_BODY = YES;
				CLANG_WARN_ENUM_CONVERSION = YES;
				CLANG_WARN_INT_CONVERSION = YES;
				CLANG_WARN_OBJC_ROOT_CLASS = YES_ERROR;
				CLANG_WARN_UNREACHABLE_CODE = YES;
				CLANG_WARN__DUPLICATE_METHOD_MATCH = YES;
				"CODE_SIGN_IDENTITY[sdk=iphoneos*]" = "iPhone Developer";
				COPY_PHASE_STRIP = NO;
				DEBUG_INFORMATION_FORMAT = dwarf;
				ENABLE_STRICT_OBJC_MSGSEND = YES;
				ENABLE_TESTABILITY = YES;
				GCC_C_LANGUAGE_STANDARD = gnu99;
				GCC_DYNAMIC_NO_PIC = NO;
				GCC_NO_COMMON_BLOCKS = YES;
				GCC_OPTIMIZATION_LEVEL = 0;
				GCC_PREPROCESSOR_DEFINITIONS = (
					"DEBUG=1",
					"$(inherited)",
				);
				GCC_WARN_64_TO_32_BIT_CONVERSION = YES;
				GCC_WARN_ABOUT_RETURN_TYPE = YES_ERROR;
				GCC_WARN_UNDECLARED_SELECTOR = YES;
				GCC_WARN_UNINITIALIZED_AUTOS = YES_AGGRESSIVE;
				GCC_WARN_UNUSED_FUNCTION = YES;
				GCC_WARN_UNUSED_VARIABLE = YES;
				IPHONEOS_DEPLOYMENT_TARGET = 9.3;
				MTL_ENABLE_DEBUG_INFO = YES;
				ONLY_ACTIVE_ARCH = YES;
				SDKROOT = iphoneos;
				SWIFT_OPTIMIZATION_LEVEL = "-Onone";
			};
			name = Debug;
		};
		C45EA4A01CCCC6D200E6598C /* Release */ = {
			isa = XCBuildConfiguration;
			buildSettings = {
				ALWAYS_SEARCH_USER_PATHS = NO;
				CLANG_ANALYZER_NONNULL = YES;
				CLANG_CXX_LANGUAGE_STANDARD = "gnu++0x";
				CLANG_CXX_LIBRARY = "libc++";
				CLANG_ENABLE_MODULES = YES;
				CLANG_ENABLE_OBJC_ARC = YES;
				CLANG_WARN_BOOL_CONVERSION = YES;
				CLANG_WARN_CONSTANT_CONVERSION = YES;
				CLANG_WARN_DIRECT_OBJC_ISA_USAGE = YES_ERROR;
				CLANG_WARN_EMPTY_BODY = YES;
				CLANG_WARN_ENUM_CONVERSION = YES;
				CLANG_WARN_INT_CONVERSION = YES;
				CLANG_WARN_OBJC_ROOT_CLASS = YES_ERROR;
				CLANG_WARN_UNREACHABLE_CODE = YES;
				CLANG_WARN__DUPLICATE_METHOD_MATCH = YES;
				"CODE_SIGN_IDENTITY[sdk=iphoneos*]" = "iPhone Developer";
				COPY_PHASE_STRIP = NO;
				DEBUG_INFORMATION_FORMAT = "dwarf-with-dsym";
				ENABLE_NS_ASSERTIONS = NO;
				ENABLE_STRICT_OBJC_MSGSEND = YES;
				GCC_C_LANGUAGE_STANDARD = gnu99;
				GCC_NO_COMMON_BLOCKS = YES;
				GCC_WARN_64_TO_32_BIT_CONVERSION = YES;
				GCC_WARN_ABOUT_RETURN_TYPE = YES_ERROR;
				GCC_WARN_UNDECLARED_SELECTOR = YES;
				GCC_WARN_UNINITIALIZED_AUTOS = YES_AGGRESSIVE;
				GCC_WARN_UNUSED_FUNCTION = YES;
				GCC_WARN_UNUSED_VARIABLE = YES;
				IPHONEOS_DEPLOYMENT_TARGET = 9.3;
				MTL_ENABLE_DEBUG_INFO = NO;
				SDKROOT = iphoneos;
				VALIDATE_PRODUCT = YES;
			};
			name = Release;
		};
		C45EA4A21CCCC6D200E6598C /* Debug */ = {
			isa = XCBuildConfiguration;
			buildSettings = {
				ASSETCATALOG_COMPILER_APPICON_NAME = AppIcon;
				INFOPLIST_FILE = HamburguesasDelMundo/Info.plist;
				LD_RUNPATH_SEARCH_PATHS = "$(inherited) @executable_path/Frameworks";
				PRODUCT_BUNDLE_IDENTIFIER = com.efeefe.HamburguesasDelMundo;
				PRODUCT_NAME = "$(TARGET_NAME)";
			};
			name = Debug;
		};
		C45EA4A31CCCC6D200E6598C /* Release */ = {
			isa = XCBuildConfiguration;
			buildSettings = {
				ASSETCATALOG_COMPILER_APPICON_NAME = AppIcon;
				INFOPLIST_FILE = HamburguesasDelMundo/Info.plist;
				LD_RUNPATH_SEARCH_PATHS = "$(inherited) @executable_path/Frameworks";
				PRODUCT_BUNDLE_IDENTIFIER = com.efeefe.HamburguesasDelMundo;
				PRODUCT_NAME = "$(TARGET_NAME)";
			};
			name = Release;
		};
/* End XCBuildConfiguration section */

/* Begin XCConfigurationList section */
		C45EA48A1CCCC6D200E6598C /* Build configuration list for PBXProject "HamburguesasDelMundo" */ = {
			isa = XCConfigurationList;
			buildConfigurations = (
				C45EA49F1CCCC6D200E6598C /* Debug */,
				C45EA4A01CCCC6D200E6598C /* Release */,
			);
			defaultConfigurationIsVisible = 0;
			defaultConfigurationName = Release;
		};
		C45EA4A11CCCC6D200E6598C /* Build configuration list for PBXNativeTarget "HamburguesasDelMundo" */ = {
			isa = XCConfigurationList;
			buildConfigurations = (
				C45EA4A21CCCC6D200E6598C /* Debug */,
				C45EA4A31CCCC6D200E6598C /* Release */,
			);
			defaultConfigurationIsVisible = 0;
		};
/* End XCConfigurationList section */
	};
	rootObject = C45EA4871CCCC6D200E6598C /* Project object */;
}
